
Microsoft Visual Studio Solution File, Format Version 12.00
# Visual Studio Version 17
VisualStudioVersion = 17.6.33829.357
MinimumVisualStudioVersion = 10.0.40219.1
Project("{FAE04EC0-301F-11D3-BF4B-00C04F79EFBC}") = "Index", "Index\Index.csproj", "{B7BC80FE-5B20-4147-97C6-C417891ABBB8}"
EndProject
Global
	GlobalSection(SolutionConfigurationPlatforms) = preSolution
		Debug|Any CPU = Debug|Any CPU
		Release|Any CPU = Release|Any CPU
	EndGlobalSection
	GlobalSection(ProjectConfigurationPlatforms) = postSolution
		{B7BC80FE-5B20-4147-97C6-C417891ABBB8}.Debug|Any CPU.ActiveCfg = Debug|Any CPU
		{B7BC80FE-5B20-4147-97C6-C417891ABBB8}.Debug|Any CPU.Build.0 = Debug|Any CPU
		{B7BC80FE-5B20-4147-97C6-C417891ABBB8}.Release|Any CPU.ActiveCfg = Release|Any CPU
		{B7BC80FE-5B20-4147-97C6-C417891ABBB8}.Release|Any CPU.Build.0 = Release|Any CPU
	EndGlobalSection
	GlobalSection(SolutionProperties) = preSolution
		HideSolutionNode = FALSE
	EndGlobalSection
	GlobalSection(ExtensibilityGlobals) = postSolution
		SolutionGuid = {20D7E825-B7A6-46E5-A29D-9BE57A0CF1E3}
	EndGlobalSection
EndGlobal
